{
    "_meta": {
        "hash": {
            "sha256": "d1c3c036a69f6fc5310e47feb2002607e68531c2217452eb379ea7bc1f938416"
        },
        "pipfile-spec": 6,
        "requires": {
            "python_version": "3.7"
        },
        "sources": [
            {
                "name": "pypi",
                "url": "https://pypi.org/simple",
                "verify_ssl": true
            }
        ]
    },
    "default": {
        "parameterized": {
            "hashes": [
                "sha256:020343a281efcfe9b71b9028a91817f981202c14d72104b5a2fbe401dee25a18",
                "sha256:d8c8837fb677ed2d5a93b9e2308ce0da3aeb58cf513120d501e0b7af14da78d5"
            ],
            "index": "pypi",
            "version": "==0.7.0"
        },
        "pep8": {
            "hashes": [
                "sha256:b22cfae5db09833bb9bd7c8463b53e1a9c9b39f12e304a8d0bba729c501827ee",
                "sha256:fe249b52e20498e59e0b5c5256aa52ee99fc295b26ec9eaa85776ffdb9fe6374"
            ],
            "index": "pypi",
            "version": "==1.7.1"
        }
    },
    "develop": {}
}
